// !$*UTF8*$!
{
	archiveVersion = 1;
	classes = {
	};
	objectVersion = 55;
	objects = {

/* Begin PBXBuildFile section */
		F90A2E6C286843FD00DF0405 /* ArticleRowImage.swift in Sources */ = {isa = PBXBuildFile; fileRef = F90A2E6B286843FB00DF0405 /* ArticleRowImage.swift */; };
		F92F87592867AE77008A681E /* MartiaNewsreaderApp.swift in Sources */ = {isa = PBXBuildFile; fileRef = F92F87582867AE77008A681E /* MartiaNewsreaderApp.swift */; };
		F92F875B2867AE77008A681E /* ArticlesListView.swift in Sources */ = {isa = PBXBuildFile; fileRef = F92F875A2867AE77008A681E /* ArticlesListView.swift */; };
		F92F875D2867AE7B008A681E /* Assets.xcassets in Resources */ = {isa = PBXBuildFile; fileRef = F92F875C2867AE7B008A681E /* Assets.xcassets */; };
		F92F87602867AE7B008A681E /* Preview Assets.xcassets in Resources */ = {isa = PBXBuildFile; fileRef = F92F875F2867AE7B008A681E /* Preview Assets.xcassets */; };
		F92F87672867B0C9008A681E /* Article.swift in Sources */ = {isa = PBXBuildFile; fileRef = F92F87662867B0C9008A681E /* Article.swift */; };
		F92F876A2867B18E008A681E /* NetworkManager.swift in Sources */ = {isa = PBXBuildFile; fileRef = F92F87692867B18E008A681E /* NetworkManager.swift */; };
		F92F876E2867B6B9008A681E /* ArticlesFetcher.swift in Sources */ = {isa = PBXBuildFile; fileRef = F92F876D2867B6B8008A681E /* ArticlesFetcher.swift */; };
		F93BEB882867C262005ACB2E /* ArticleRow.swift in Sources */ = {isa = PBXBuildFile; fileRef = F93BEB872867C262005ACB2E /* ArticleRow.swift */; };
		F94EF34F286B88E60087992F /* Articles.swift in Sources */ = {isa = PBXBuildFile; fileRef = F94EF34E286B88E60087992F /* Articles.swift */; };
		F94EF357286BB3AE0087992F /* ProofReader.swift in Sources */ = {isa = PBXBuildFile; fileRef = F94EF356286BB3AE0087992F /* ProofReader.swift */; };
		F94EF35C286BB4630087992F /* ProofReadingLibrary in Frameworks */ = {isa = PBXBuildFile; productRef = F94EF35B286BB4630087992F /* ProofReadingLibrary */; };
		F962FD1E286A538E003CF115 /* TitleView.swift in Sources */ = {isa = PBXBuildFile; fileRef = F962FD1D286A538E003CF115 /* TitleView.swift */; };
		F9953A2F2868DDF9003D0062 /* ArticleView.swift in Sources */ = {isa = PBXBuildFile; fileRef = F9953A2E2868DDF9003D0062 /* ArticleView.swift */; };
/* End PBXBuildFile section */

/* Begin PBXFileReference section */
		F90A2E6B286843FB00DF0405 /* ArticleRowImage.swift */ = {isa = PBXFileReference; lastKnownFileType = sourcecode.swift; path = ArticleRowImage.swift; sourceTree = "<group>"; };
		F92F87552867AE77008A681E /* MartiaNewsreader.app */ = {isa = PBXFileReference; explicitFileType = wrapper.application; includeInIndex = 0; path = MartiaNewsreader.app; sourceTree = BUILT_PRODUCTS_DIR; };
		F92F87582867AE77008A681E /* MartiaNewsreaderApp.swift */ = {isa = PBXFileReference; lastKnownFileType = sourcecode.swift; path = MartiaNewsreaderApp.swift; sourceTree = "<group>"; };
		F92F875A2867AE77008A681E /* ArticlesListView.swift */ = {isa = PBXFileReference; lastKnownFileType = sourcecode.swift; path = ArticlesListView.swift; sourceTree = "<group>"; };
		F92F875C2867AE7B008A681E /* Assets.xcassets */ = {isa = PBXFileReference; lastKnownFileType = folder.assetcatalog; path = Assets.xcassets; sourceTree = "<group>"; };
		F92F875F2867AE7B008A681E /* Preview Assets.xcassets */ = {isa = PBXFileReference; lastKnownFileType = folder.assetcatalog; path = "Preview Assets.xcassets"; sourceTree = "<group>"; };
		F92F87662867B0C9008A681E /* Article.swift */ = {isa = PBXFileReference; lastKnownFileType = sourcecode.swift; path = Article.swift; sourceTree = "<group>"; };
		F92F87692867B18E008A681E /* NetworkManager.swift */ = {isa = PBXFileReference; lastKnownFileType = sourcecode.swift; path = NetworkManager.swift; sourceTree = "<group>"; };
		F92F876D2867B6B8008A681E /* ArticlesFetcher.swift */ = {isa = PBXFileReference; lastKnownFileType = sourcecode.swift; path = ArticlesFetcher.swift; sourceTree = "<group>"; };
		F93BEB872867C262005ACB2E /* ArticleRow.swift */ = {isa = PBXFileReference; lastKnownFileType = sourcecode.swift; path = ArticleRow.swift; sourceTree = "<group>"; };
		F94EF34E286B88E60087992F /* Articles.swift */ = {isa = PBXFileReference; lastKnownFileType = sourcecode.swift; path = Articles.swift; sourceTree = "<group>"; };
		F94EF356286BB3AE0087992F /* ProofReader.swift */ = {isa = PBXFileReference; lastKnownFileType = sourcecode.swift; path = ProofReader.swift; sourceTree = "<group>"; };
		F94EF358286BB4430087992F /* ProofReadingLibrary */ = {isa = PBXFileReference; lastKnownFileType = wrapper; name = ProofReadingLibrary; path = MartiaNewsreader/ProofReadingLibrary; sourceTree = "<group>"; };
		F94EF359286BB45B0087992F /* Info.plist */ = {isa = PBXFileReference; lastKnownFileType = text.plist.xml; path = Info.plist; sourceTree = "<group>"; };
		F962FD1D286A538E003CF115 /* TitleView.swift */ = {isa = PBXFileReference; lastKnownFileType = sourcecode.swift; path = TitleView.swift; sourceTree = "<group>"; };
		F9953A2E2868DDF9003D0062 /* ArticleView.swift */ = {isa = PBXFileReference; lastKnownFileType = sourcecode.swift; path = ArticleView.swift; sourceTree = "<group>"; };
/* End PBXFileReference section */

/* Begin PBXFrameworksBuildPhase section */
		F92F87522867AE77008A681E /* Frameworks */ = {
			isa = PBXFrameworksBuildPhase;
			buildActionMask = 2147483647;
			files = (
				F94EF35C286BB4630087992F /* ProofReadingLibrary in Frameworks */,
			);
			runOnlyForDeploymentPostprocessing = 0;
		};
/* End PBXFrameworksBuildPhase section */

/* Begin PBXGroup section */
		F92F874C2867AE77008A681E = {
			isa = PBXGroup;
			children = (
				F94EF358286BB4430087992F /* ProofReadingLibrary */,
				F92F87572867AE77008A681E /* MartiaNewsreader */,
				F92F87562867AE77008A681E /* Products */,
				F94EF35A286BB4630087992F /* Frameworks */,
			);
			sourceTree = "<group>";
		};
		F92F87562867AE77008A681E /* Products */ = {
			isa = PBXGroup;
			children = (
				F92F87552867AE77008A681E /* MartiaNewsreader.app */,
			);
			name = Products;
			sourceTree = "<group>";
		};
		F92F87572867AE77008A681E /* MartiaNewsreader */ = {
			isa = PBXGroup;
			children = (
				F92F87582867AE77008A681E /* MartiaNewsreaderApp.swift */,
				F962FD1F286A687E003CF115 /* Helper */,
				F962FD1B286A34D0003CF115 /* API */,
				F962FD1A286A34BF003CF115 /* ViewModel */,
				F92F87682867B163008A681E /* Model */,
				F962FD1C286A3C65003CF115 /* View */,
				F92F875E2867AE7B008A681E /* Preview Content */,
				F9627CD7286BC1E8002688D7 /* SupportingFiles */,
			);
			path = MartiaNewsreader;
			sourceTree = "<group>";
		};
		F92F875E2867AE7B008A681E /* Preview Content */ = {
			isa = PBXGroup;
			children = (
				F92F875F2867AE7B008A681E /* Preview Assets.xcassets */,
			);
			path = "Preview Content";
			sourceTree = "<group>";
		};
		F92F87682867B163008A681E /* Model */ = {
			isa = PBXGroup;
			children = (
				F92F87662867B0C9008A681E /* Article.swift */,
				F94EF34E286B88E60087992F /* Articles.swift */,
			);
			path = Model;
			sourceTree = "<group>";
		};
		F94EF35A286BB4630087992F /* Frameworks */ = {
			isa = PBXGroup;
			children = (
			);
			name = Frameworks;
			sourceTree = "<group>";
		};
		F9627CD7286BC1E8002688D7 /* SupportingFiles */ = {
			isa = PBXGroup;
			children = (
				F94EF359286BB45B0087992F /* Info.plist */,
				F92F875C2867AE7B008A681E /* Assets.xcassets */,
			);
			path = SupportingFiles;
			sourceTree = "<group>";
		};
		F962FD1A286A34BF003CF115 /* ViewModel */ = {
			isa = PBXGroup;
			children = (
				F92F876D2867B6B8008A681E /* ArticlesFetcher.swift */,
			);
			path = ViewModel;
			sourceTree = "<group>";
		};
		F962FD1B286A34D0003CF115 /* API */ = {
			isa = PBXGroup;
			children = (
				F92F87692867B18E008A681E /* NetworkManager.swift */,
			);
			path = API;
			sourceTree = "<group>";
		};
		F962FD1C286A3C65003CF115 /* View */ = {
			isa = PBXGroup;
			children = (
				F9953A2E2868DDF9003D0062 /* ArticleView.swift */,
				F9953A2D2868DDE3003D0062 /* ListView */,
			);
			path = View;
			sourceTree = "<group>";
		};
		F962FD1F286A687E003CF115 /* Helper */ = {
			isa = PBXGroup;
			children = (
				F94EF356286BB3AE0087992F /* ProofReader.swift */,
			);
			path = Helper;
			sourceTree = "<group>";
		};
		F9953A2D2868DDE3003D0062 /* ListView */ = {
			isa = PBXGroup;
			children = (
				F92F875A2867AE77008A681E /* ArticlesListView.swift */,
				F93BEB872867C262005ACB2E /* ArticleRow.swift */,
				F90A2E6B286843FB00DF0405 /* ArticleRowImage.swift */,
				F962FD1D286A538E003CF115 /* TitleView.swift */,
			);
			path = ListView;
			sourceTree = "<group>";
		};
/* End PBXGroup section */

/* Begin PBXNativeTarget section */
		F92F87542867AE77008A681E /* MartiaNewsreader */ = {
			isa = PBXNativeTarget;
			buildConfigurationList = F92F87632867AE7B008A681E /* Build configuration list for PBXNativeTarget "MartiaNewsreader" */;
			buildPhases = (
				F92F87512867AE77008A681E /* Sources */,
				F92F87522867AE77008A681E /* Frameworks */,
				F92F87532867AE77008A681E /* Resources */,
			);
			buildRules = (
			);
			dependencies = (
			);
			name = MartiaNewsreader;
			packageProductDependencies = (
				F94EF35B286BB4630087992F /* ProofReadingLibrary */,
			);
			productName = MartiaNewsreader;
			productReference = F92F87552867AE77008A681E /* MartiaNewsreader.app */;
			productType = "com.apple.product-type.application";
		};
/* End PBXNativeTarget section */

/* Begin PBXProject section */
		F92F874D2867AE77008A681E /* Project object */ = {
			isa = PBXProject;
			attributes = {
				BuildIndependentTargetsInParallel = 1;
				LastSwiftUpdateCheck = 1340;
				LastUpgradeCheck = 1340;
				TargetAttributes = {
					F92F87542867AE77008A681E = {
						CreatedOnToolsVersion = 13.4.1;
					};
				};
			};
			buildConfigurationList = F92F87502867AE77008A681E /* Build configuration list for PBXProject "MartiaNewsreader" */;
			compatibilityVersion = "Xcode 13.0";
			developmentRegion = en;
			hasScannedForEncodings = 0;
			knownRegions = (
				en,
				Base,
			);
			mainGroup = F92F874C2867AE77008A681E;
			productRefGroup = F92F87562867AE77008A681E /* Products */;
			projectDirPath = "";
			projectRoot = "";
			targets = (
				F92F87542867AE77008A681E /* MartiaNewsreader */,
			);
		};
/* End PBXProject section */

/* Begin PBXResourcesBuildPhase section */
		F92F87532867AE77008A681E /* Resources */ = {
			isa = PBXResourcesBuildPhase;
			buildActionMask = 2147483647;
			files = (
				F92F87602867AE7B008A681E /* Preview Assets.xcassets in Resources */,
				F92F875D2867AE7B008A681E /* Assets.xcassets in Resources */,
			);
			runOnlyForDeploymentPostprocessing = 0;
		};
/* End PBXResourcesBuildPhase section */

/* Begin PBXSourcesBuildPhase section */
		F92F87512867AE77008A681E /* Sources */ = {
			isa = PBXSourcesBuildPhase;
			buildActionMask = 2147483647;
			files = (
				F92F876A2867B18E008A681E /* NetworkManager.swift in Sources */,
				F92F876E2867B6B9008A681E /* ArticlesFetcher.swift in Sources */,
				F94EF34F286B88E60087992F /* Articles.swift in Sources */,
				F92F875B2867AE77008A681E /* ArticlesListView.swift in Sources */,
				F94EF357286BB3AE0087992F /* ProofReader.swift in Sources */,
				F9953A2F2868DDF9003D0062 /* ArticleView.swift in Sources */,
				F92F87672867B0C9008A681E /* Article.swift in Sources */,
				F92F87592867AE77008A681E /* MartiaNewsreaderApp.swift in Sources */,
				F93BEB882867C262005ACB2E /* ArticleRow.swift in Sources */,
				F90A2E6C286843FD00DF0405 /* ArticleRowImage.swift in Sources */,
				F962FD1E286A538E003CF115 /* TitleView.swift in Sources */,
			);
			runOnlyForDeploymentPostprocessing = 0;
		};
/* End PBXSourcesBuildPhase section */

/* Begin XCBuildConfiguration section */
		F92F87612867AE7B008A681E /* Debug */ = {
			isa = XCBuildConfiguration;
			buildSettings = {
				ALWAYS_SEARCH_USER_PATHS = NO;
				CLANG_ANALYZER_NONNULL = YES;
				CLANG_ANALYZER_NUMBER_OBJECT_CONVERSION = YES_AGGRESSIVE;
				CLANG_CXX_LANGUAGE_STANDARD = "gnu++17";
				CLANG_ENABLE_MODULES = YES;
				CLANG_ENABLE_OBJC_ARC = YES;
				CLANG_ENABLE_OBJC_WEAK = YES;
				CLANG_WARN_BLOCK_CAPTURE_AUTORELEASING = YES;
				CLANG_WARN_BOOL_CONVERSION = YES;
				CLANG_WARN_COMMA = YES;
				CLANG_WARN_CONSTANT_CONVERSION = YES;
				CLANG_WARN_DEPRECATED_OBJC_IMPLEMENTATIONS = YES;
				CLANG_WARN_DIRECT_OBJC_ISA_USAGE = YES_ERROR;
				CLANG_WARN_DOCUMENTATION_COMMENTS = YES;
				CLANG_WARN_EMPTY_BODY = YES;
				CLANG_WARN_ENUM_CONVERSION = YES;
				CLANG_WARN_INFINITE_RECURSION = YES;
				CLANG_WARN_INT_CONVERSION = YES;
				CLANG_WARN_NON_LITERAL_NULL_CONVERSION = YES;
				CLANG_WARN_OBJC_IMPLICIT_RETAIN_SELF = YES;
				CLANG_WARN_OBJC_LITERAL_CONVERSION = YES;
				CLANG_WARN_OBJC_ROOT_CLASS = YES_ERROR;
				CLANG_WARN_QUOTED_INCLUDE_IN_FRAMEWORK_HEADER = YES;
				CLANG_WARN_RANGE_LOOP_ANALYSIS = YES;
				CLANG_WARN_STRICT_PROTOTYPES = YES;
				CLANG_WARN_SUSPICIOUS_MOVE = YES;
				CLANG_WARN_UNGUARDED_AVAILABILITY = YES_AGGRESSIVE;
				CLANG_WARN_UNREACHABLE_CODE = YES;
				CLANG_WARN__DUPLICATE_METHOD_MATCH = YES;
				COPY_PHASE_STRIP = NO;
				DEBUG_INFORMATION_FORMAT = dwarf;
				ENABLE_STRICT_OBJC_MSGSEND = YES;
				ENABLE_TESTABILITY = YES;
				GCC_C_LANGUAGE_STANDARD = gnu11;
				GCC_DYNAMIC_NO_PIC = NO;
				GCC_NO_COMMON_BLOCKS = YES;
				GCC_OPTIMIZATION_LEVEL = 0;
				GCC_PREPROCESSOR_DEFINITIONS = (
					"DEBUG=1",
					"$(inherited)",
				);
				GCC_WARN_64_TO_32_BIT_CONVERSION = YES;
				GCC_WARN_ABOUT_RETURN_TYPE = YES_ERROR;
				GCC_WARN_UNDECLARED_SELECTOR = YES;
				GCC_WARN_UNINITIALIZED_AUTOS = YES_AGGRESSIVE;
				GCC_WARN_UNUSED_FUNCTION = YES;
				GCC_WARN_UNUSED_VARIABLE = YES;
				IPHONEOS_DEPLOYMENT_TARGET = 15.5;
				MTL_ENABLE_DEBUG_INFO = INCLUDE_SOURCE;
				MTL_FAST_MATH = YES;
				ONLY_ACTIVE_ARCH = YES;
				SDKROOT = iphoneos;
				SWIFT_ACTIVE_COMPILATION_CONDITIONS = DEBUG;
				SWIFT_OPTIMIZATION_LEVEL = "-Onone";
			};
			name = Debug;
		};
		F92F87622867AE7B008A681E /* Release */ = {
			isa = XCBuildConfiguration;
			buildSettings = {
				ALWAYS_SEARCH_USER_PATHS = NO;
				CLANG_ANALYZER_NONNULL = YES;
				CLANG_ANALYZER_NUMBER_OBJECT_CONVERSION = YES_AGGRESSIVE;
				CLANG_CXX_LANGUAGE_STANDARD = "gnu++17";
				CLANG_ENABLE_MODULES = YES;
				CLANG_ENABLE_OBJC_ARC = YES;
				CLANG_ENABLE_OBJC_WEAK = YES;
				CLANG_WARN_BLOCK_CAPTURE_AUTORELEASING = YES;
				CLANG_WARN_BOOL_CONVERSION = YES;
				CLANG_WARN_COMMA = YES;
				CLANG_WARN_CONSTANT_CONVERSION = YES;
				CLANG_WARN_DEPRECATED_OBJC_IMPLEMENTATIONS = YES;
				CLANG_WARN_DIRECT_OBJC_ISA_USAGE = YES_ERROR;
				CLANG_WARN_DOCUMENTATION_COMMENTS = YES;
				CLANG_WARN_EMPTY_BODY = YES;
				CLANG_WARN_ENUM_CONVERSION = YES;
				CLANG_WARN_INFINITE_RECURSION = YES;
				CLANG_WARN_INT_CONVERSION = YES;
				CLANG_WARN_NON_LITERAL_NULL_CONVERSION = YES;
				CLANG_WARN_OBJC_IMPLICIT_RETAIN_SELF = YES;
				CLANG_WARN_OBJC_LITERAL_CONVERSION = YES;
				CLANG_WARN_OBJC_ROOT_CLASS = YES_ERROR;
				CLANG_WARN_QUOTED_INCLUDE_IN_FRAMEWORK_HEADER = YES;
				CLANG_WARN_RANGE_LOOP_ANALYSIS = YES;
				CLANG_WARN_STRICT_PROTOTYPES = YES;
				CLANG_WARN_SUSPICIOUS_MOVE = YES;
				CLANG_WARN_UNGUARDED_AVAILABILITY = YES_AGGRESSIVE;
				CLANG_WARN_UNREACHABLE_CODE = YES;
				CLANG_WARN__DUPLICATE_METHOD_MATCH = YES;
				COPY_PHASE_STRIP = NO;
				DEBUG_INFORMATION_FORMAT = "dwarf-with-dsym";
				ENABLE_NS_ASSERTIONS = NO;
				ENABLE_STRICT_OBJC_MSGSEND = YES;
				GCC_C_LANGUAGE_STANDARD = gnu11;
				GCC_NO_COMMON_BLOCKS = YES;
				GCC_WARN_64_TO_32_BIT_CONVERSION = YES;
				GCC_WARN_ABOUT_RETURN_TYPE = YES_ERROR;
				GCC_WARN_UNDECLARED_SELECTOR = YES;
				GCC_WARN_UNINITIALIZED_AUTOS = YES_AGGRESSIVE;
				GCC_WARN_UNUSED_FUNCTION = YES;
				GCC_WARN_UNUSED_VARIABLE = YES;
				IPHONEOS_DEPLOYMENT_TARGET = 15.5;
				MTL_ENABLE_DEBUG_INFO = NO;
				MTL_FAST_MATH = YES;
				SDKROOT = iphoneos;
				SWIFT_COMPILATION_MODE = wholemodule;
				SWIFT_OPTIMIZATION_LEVEL = "-O";
				VALIDATE_PRODUCT = YES;
			};
			name = Release;
		};
		F92F87642867AE7B008A681E /* Debug */ = {
			isa = XCBuildConfiguration;
			buildSettings = {
				ASSETCATALOG_COMPILER_APPICON_NAME = AppIcon;
				ASSETCATALOG_COMPILER_GLOBAL_ACCENT_COLOR_NAME = AccentColor;
				CODE_SIGN_STYLE = Automatic;
				CURRENT_PROJECT_VERSION = 1;
				DEVELOPMENT_ASSET_PATHS = "\"MartiaNewsreader/Preview Content\"";
				DEVELOPMENT_TEAM = GG58NB3258;
				ENABLE_PREVIEWS = YES;
				GENERATE_INFOPLIST_FILE = YES;
				INFOPLIST_FILE = MartiaNewsreader/SupportingFiles/Info.plist;
				INFOPLIST_KEY_UIApplicationSceneManifest_Generation = YES;
				INFOPLIST_KEY_UIApplicationSupportsIndirectInputEvents = YES;
				INFOPLIST_KEY_UILaunchScreen_Generation = YES;
				INFOPLIST_KEY_UISupportedInterfaceOrientations_iPad = "UIInterfaceOrientationPortrait UIInterfaceOrientationPortraitUpsideDown UIInterfaceOrientationLandscapeLeft UIInterfaceOrientationLandscapeRight";
				INFOPLIST_KEY_UISupportedInterfaceOrientations_iPhone = "UIInterfaceOrientationPortrait UIInterfaceOrientationLandscapeLeft UIInterfaceOrientationLandscapeRight";
				LD_RUNPATH_SEARCH_PATHS = (
					"$(inherited)",
					"@executable_path/Frameworks",
				);
				MARKETING_VERSION = 1.0;
				PRODUCT_BUNDLE_IDENTIFIER = com.petey888.MartiaNewsreader;
				PRODUCT_NAME = "$(TARGET_NAME)";
				SWIFT_EMIT_LOC_STRINGS = YES;
				SWIFT_VERSION = 5.0;
				TARGETED_DEVICE_FAMILY = "1,2";
			};
			name = Debug;
		};
		F92F87652867AE7B008A681E /* Release */ = {
			isa = XCBuildConfiguration;
			buildSettings = {
				ASSETCATALOG_COMPILER_APPICON_NAME = AppIcon;
				ASSETCATALOG_COMPILER_GLOBAL_ACCENT_COLOR_NAME = AccentColor;
				CODE_SIGN_STYLE = Automatic;
				CURRENT_PROJECT_VERSION = 1;
				DEVELOPMENT_ASSET_PATHS = "\"MartiaNewsreader/Preview Content\"";
				DEVELOPMENT_TEAM = GG58NB3258;
				ENABLE_PREVIEWS = YES;
				GENERATE_INFOPLIST_FILE = YES;
				INFOPLIST_FILE = MartiaNewsreader/SupportingFiles/Info.plist;
				INFOPLIST_KEY_UIApplicationSceneManifest_Generation = YES;
				INFOPLIST_KEY_UIApplicationSupportsIndirectInputEvents = YES;
				INFOPLIST_KEY_UILaunchScreen_Generation = YES;
				INFOPLIST_KEY_UISupportedInterfaceOrientations_iPad = "UIInterfaceOrientationPortrait UIInterfaceOrientationPortraitUpsideDown UIInterfaceOrientationLandscapeLeft UIInterfaceOrientationLandscapeRight";
				INFOPLIST_KEY_UISupportedInterfaceOrientations_iPhone = "UIInterfaceOrientationPortrait UIInterfaceOrientationLandscapeLeft UIInterfaceOrientationLandscapeRight";
				LD_RUNPATH_SEARCH_PATHS = (
					"$(inherited)",
					"@executable_path/Frameworks",
				);
				MARKETING_VERSION = 1.0;
				PRODUCT_BUNDLE_IDENTIFIER = com.petey888.MartiaNewsreader;
				PRODUCT_NAME = "$(TARGET_NAME)";
				SWIFT_EMIT_LOC_STRINGS = YES;
				SWIFT_VERSION = 5.0;
				TARGETED_DEVICE_FAMILY = "1,2";
			};
			name = Release;
		};
/* End XCBuildConfiguration section */

/* Begin XCConfigurationList section */
		F92F87502867AE77008A681E /* Build configuration list for PBXProject "MartiaNewsreader" */ = {
			isa = XCConfigurationList;
			buildConfigurations = (
				F92F87612867AE7B008A681E /* Debug */,
				F92F87622867AE7B008A681E /* Release */,
			);
			defaultConfigurationIsVisible = 0;
			defaultConfigurationName = Release;
		};
		F92F87632867AE7B008A681E /* Build configuration list for PBXNativeTarget "MartiaNewsreader" */ = {
			isa = XCConfigurationList;
			buildConfigurations = (
				F92F87642867AE7B008A681E /* Debug */,
				F92F87652867AE7B008A681E /* Release */,
			);
			defaultConfigurationIsVisible = 0;
			defaultConfigurationName = Release;
		};
/* End XCConfigurationList section */

/* Begin XCSwiftPackageProductDependency section */
		F94EF35B286BB4630087992F /* ProofReadingLibrary */ = {
			isa = XCSwiftPackageProductDependency;
			productName = ProofReadingLibrary;
		};
/* End XCSwiftPackageProductDependency section */
	};
	rootObject = F92F874D2867AE77008A681E /* Project object */;
}
